
Microsoft Visual Studio Solution File, Format Version 12.00
# Visual Studio 15
VisualStudioVersion = 15.0.27428.2011
MinimumVisualStudioVersion = 10.0.40219.1
Project("{FAE04EC0-301F-11D3-BF4B-00C04F79EFBC}") = "CodeProblems_Problem1", "CodeProblems_Problem1\CodeProblems_Problem1.csproj", "{158F10E3-1764-4FBC-8C81-D2A38D7E388E}"
EndProject
Project("{FAE04EC0-301F-11D3-BF4B-00C04F79EFBC}") = "CodeProblems_Problem1.UnitTests", "CodeProblems_Problem1.UnitTests\CodeProblems_Problem1.UnitTests.csproj", "{8DC1D3B6-55DC-4F1B-8F0F-78DB7F9F05FC}"
EndProject
Global
	GlobalSection(SolutionConfigurationPlatforms) = preSolution
		Debug|Any CPU = Debug|Any CPU
		Release|Any CPU = Release|Any CPU
	EndGlobalSection
	GlobalSection(ProjectConfigurationPlatforms) = postSolution
		{158F10E3-1764-4FBC-8C81-D2A38D7E388E}.Debug|Any CPU.ActiveCfg = Debug|Any CPU
		{158F10E3-1764-4FBC-8C81-D2A38D7E388E}.Debug|Any CPU.Build.0 = Debug|Any CPU
		{158F10E3-1764-4FBC-8C81-D2A38D7E388E}.Release|Any CPU.ActiveCfg = Release|Any CPU
		{158F10E3-1764-4FBC-8C81-D2A38D7E388E}.Release|Any CPU.Build.0 = Release|Any CPU
		{8DC1D3B6-55DC-4F1B-8F0F-78DB7F9F05FC}.Debug|Any CPU.ActiveCfg = Debug|Any CPU
		{8DC1D3B6-55DC-4F1B-8F0F-78DB7F9F05FC}.Debug|Any CPU.Build.0 = Debug|Any CPU
		{8DC1D3B6-55DC-4F1B-8F0F-78DB7F9F05FC}.Release|Any CPU.ActiveCfg = Release|Any CPU
		{8DC1D3B6-55DC-4F1B-8F0F-78DB7F9F05FC}.Release|Any CPU.Build.0 = Release|Any CPU
	EndGlobalSection
	GlobalSection(SolutionProperties) = preSolution
		HideSolutionNode = FALSE
	EndGlobalSection
	GlobalSection(ExtensibilityGlobals) = postSolution
		SolutionGuid = {0AF7AC3F-1119-4927-B387-2317265B698F}
	EndGlobalSection
EndGlobal
